
Microsoft Visual Studio Solution File, Format Version 12.00
Project("{FAE04EC0-301F-11D3-BF4B-00C04F79EFBC}") = "LoginProxy", "src\LoginProxy\LoginProxy.csproj", "{F89A77A3-D004-42FE-8361-28B8731853C1}"
EndProject
Project("{FAE04EC0-301F-11D3-BF4B-00C04F79EFBC}") = "LoginProxy.Tests", "tests\LoginProxy.Tests\LoginProxy.Tests.csproj", "{E782556B-E9EC-43DF-AC22-D94920B15BFA}"
EndProject
Project("{FAE04EC0-301F-11D3-BF4B-00C04F79EFBC}") = "EqGameLauncher", "src\EqGameLauncher\EqGameLauncher.csproj", "{EB90DDC4-99A7-450B-B2E7-2E2724735643}"
EndProject
Project("{FAE04EC0-301F-11D3-BF4B-00C04F79EFBC}") = "SharedKernel", "src\SharedKernel\SharedKernel.csproj", "{C2052F6E-E1A7-4085-B269-A0EA91E3D7B2}"
EndProject
Global
	GlobalSection(SolutionConfigurationPlatforms) = preSolution
		Debug|Any CPU = Debug|Any CPU
		Release|Any CPU = Release|Any CPU
	EndGlobalSection
	GlobalSection(ProjectConfigurationPlatforms) = postSolution
		{F89A77A3-D004-42FE-8361-28B8731853C1}.Debug|Any CPU.ActiveCfg = Debug|Any CPU
		{F89A77A3-D004-42FE-8361-28B8731853C1}.Debug|Any CPU.Build.0 = Debug|Any CPU
		{F89A77A3-D004-42FE-8361-28B8731853C1}.Release|Any CPU.ActiveCfg = Release|Any CPU
		{F89A77A3-D004-42FE-8361-28B8731853C1}.Release|Any CPU.Build.0 = Release|Any CPU
		{E782556B-E9EC-43DF-AC22-D94920B15BFA}.Debug|Any CPU.ActiveCfg = Debug|Any CPU
		{E782556B-E9EC-43DF-AC22-D94920B15BFA}.Debug|Any CPU.Build.0 = Debug|Any CPU
		{E782556B-E9EC-43DF-AC22-D94920B15BFA}.Release|Any CPU.ActiveCfg = Release|Any CPU
		{E782556B-E9EC-43DF-AC22-D94920B15BFA}.Release|Any CPU.Build.0 = Release|Any CPU
		{EB90DDC4-99A7-450B-B2E7-2E2724735643}.Debug|Any CPU.ActiveCfg = Debug|Any CPU
		{EB90DDC4-99A7-450B-B2E7-2E2724735643}.Debug|Any CPU.Build.0 = Debug|Any CPU
		{EB90DDC4-99A7-450B-B2E7-2E2724735643}.Release|Any CPU.ActiveCfg = Release|Any CPU
		{EB90DDC4-99A7-450B-B2E7-2E2724735643}.Release|Any CPU.Build.0 = Release|Any CPU
		{98F85CBE-4352-4136-9B75-2CA7BE2377F2}.Debug|Any CPU.ActiveCfg = Debug|Any CPU
		{98F85CBE-4352-4136-9B75-2CA7BE2377F2}.Debug|Any CPU.Build.0 = Debug|Any CPU
		{98F85CBE-4352-4136-9B75-2CA7BE2377F2}.Release|Any CPU.ActiveCfg = Release|Any CPU
		{98F85CBE-4352-4136-9B75-2CA7BE2377F2}.Release|Any CPU.Build.0 = Release|Any CPU
		{C2052F6E-E1A7-4085-B269-A0EA91E3D7B2}.Debug|Any CPU.ActiveCfg = Debug|Any CPU
		{C2052F6E-E1A7-4085-B269-A0EA91E3D7B2}.Debug|Any CPU.Build.0 = Debug|Any CPU
		{C2052F6E-E1A7-4085-B269-A0EA91E3D7B2}.Release|Any CPU.ActiveCfg = Release|Any CPU
		{C2052F6E-E1A7-4085-B269-A0EA91E3D7B2}.Release|Any CPU.Build.0 = Release|Any CPU
	EndGlobalSection
EndGlobal
